
Microsoft Visual Studio Solution File, Format Version 12.00
# Visual Studio Version 17
VisualStudioVersion = 17.13.35818.85
MinimumVisualStudioVersion = 10.0.40219.1
Project("{FAE04EC0-301F-11D3-BF4B-00C04F79EFBC}") = "Mmu.JassBuddy2", "Sources\Application\Mmu.JassBuddy2.csproj", "{5BE550E9-F984-6978-B003-C1AC7FC66664}"
EndProject
Global
	GlobalSection(SolutionConfigurationPlatforms) = preSolution
		Debug|Any CPU = Debug|Any CPU
		Release|Any CPU = Release|Any CPU
	EndGlobalSection
	GlobalSection(ProjectConfigurationPlatforms) = postSolution
		{5BE550E9-F984-6978-B003-C1AC7FC66664}.Debug|Any CPU.ActiveCfg = Debug|Any CPU
		{5BE550E9-F984-6978-B003-C1AC7FC66664}.Debug|Any CPU.Build.0 = Debug|Any CPU
		{5BE550E9-F984-6978-B003-C1AC7FC66664}.Release|Any CPU.ActiveCfg = Release|Any CPU
		{5BE550E9-F984-6978-B003-C1AC7FC66664}.Release|Any CPU.Build.0 = Release|Any CPU
	EndGlobalSection
	GlobalSection(SolutionProperties) = preSolution
		HideSolutionNode = FALSE
	EndGlobalSection
	GlobalSection(ExtensibilityGlobals) = postSolution
		SolutionGuid = {FFB0FDCF-3CED-4359-ACE4-A56CA435AFAC}
	EndGlobalSection
EndGlobal
